
Microsoft Visual Studio Solution File, Format Version 12.00
# Visual Studio Version 17
VisualStudioVersion = 17.0.31903.59
MinimumVisualStudioVersion = 10.0.40219.1
Project("{FAE04EC0-301F-11D3-BF4B-00C04F79EFBC}") = "sylas-api", "sylas-api\sylas-api.csproj", "{E84B1F4A-2E83-45DD-B96F-2B0FECFA6428}"
EndProject
Global
	GlobalSection(SolutionConfigurationPlatforms) = preSolution
		Debug|Any CPU = Debug|Any CPU
		Release|Any CPU = Release|Any CPU
	EndGlobalSection
	GlobalSection(SolutionProperties) = preSolution
		HideSolutionNode = FALSE
	EndGlobalSection
	GlobalSection(ProjectConfigurationPlatforms) = postSolution
		{E84B1F4A-2E83-45DD-B96F-2B0FECFA6428}.Debug|Any CPU.ActiveCfg = Debug|Any CPU
		{E84B1F4A-2E83-45DD-B96F-2B0FECFA6428}.Debug|Any CPU.Build.0 = Debug|Any CPU
		{E84B1F4A-2E83-45DD-B96F-2B0FECFA6428}.Release|Any CPU.ActiveCfg = Release|Any CPU
		{E84B1F4A-2E83-45DD-B96F-2B0FECFA6428}.Release|Any CPU.Build.0 = Release|Any CPU
	EndGlobalSection
EndGlobal
